
Microsoft Visual Studio Solution File, Format Version 12.00
# Visual Studio Version 17
VisualStudioVersion = 17.13.35806.99 d17.13
MinimumVisualStudioVersion = 10.0.40219.1
Project("{FAE04EC0-301F-11D3-BF4B-00C04F79EFBC}") = "Server", "Server\Server.csproj", "{CE2C99DB-7185-477C-89CD-69D97C07123C}"
EndProject
Project("{FAE04EC0-301F-11D3-BF4B-00C04F79EFBC}") = "Client", "Client\Client.csproj", "{9B5974A2-CA9E-49B1-A966-14C0339F7DA3}"
EndProject
Global
	GlobalSection(SolutionConfigurationPlatforms) = preSolution
		Debug|Any CPU = Debug|Any CPU
		Release|Any CPU = Release|Any CPU
	EndGlobalSection
	GlobalSection(ProjectConfigurationPlatforms) = postSolution
		{CE2C99DB-7185-477C-89CD-69D97C07123C}.Debug|Any CPU.ActiveCfg = Debug|Any CPU
		{CE2C99DB-7185-477C-89CD-69D97C07123C}.Debug|Any CPU.Build.0 = Debug|Any CPU
		{CE2C99DB-7185-477C-89CD-69D97C07123C}.Release|Any CPU.ActiveCfg = Release|Any CPU
		{CE2C99DB-7185-477C-89CD-69D97C07123C}.Release|Any CPU.Build.0 = Release|Any CPU
		{9B5974A2-CA9E-49B1-A966-14C0339F7DA3}.Debug|Any CPU.ActiveCfg = Debug|Any CPU
		{9B5974A2-CA9E-49B1-A966-14C0339F7DA3}.Debug|Any CPU.Build.0 = Debug|Any CPU
		{9B5974A2-CA9E-49B1-A966-14C0339F7DA3}.Release|Any CPU.ActiveCfg = Release|Any CPU
		{9B5974A2-CA9E-49B1-A966-14C0339F7DA3}.Release|Any CPU.Build.0 = Release|Any CPU
	EndGlobalSection
	GlobalSection(SolutionProperties) = preSolution
		HideSolutionNode = FALSE
	EndGlobalSection
	GlobalSection(ExtensibilityGlobals) = postSolution
		SolutionGuid = {F82EBC3A-76AF-48C6-B6FD-9D0B1E00ADAE}
	EndGlobalSection
EndGlobal
